
Microsoft Visual Studio Solution File, Format Version 12.00
# Visual Studio Version 16
VisualStudioVersion = 16.0.30104.148
MinimumVisualStudioVersion = 10.0.40219.1
Project("{FAE04EC0-301F-11D3-BF4B-00C04F79EFBC}") = "AssemblyAutoVersionNumber", "AssemblyAutoVersionNumber\AssemblyAutoVersionNumber.csproj", "{0EF92191-E845-49F3-91FA-C112C3243EEE}"
EndProject
Global
	GlobalSection(SolutionConfigurationPlatforms) = preSolution
		Debug|Any CPU = Debug|Any CPU
		Release|Any CPU = Release|Any CPU
	EndGlobalSection
	GlobalSection(ProjectConfigurationPlatforms) = postSolution
		{0EF92191-E845-49F3-91FA-C112C3243EEE}.Debug|Any CPU.ActiveCfg = Debug|Any CPU
		{0EF92191-E845-49F3-91FA-C112C3243EEE}.Debug|Any CPU.Build.0 = Debug|Any CPU
		{0EF92191-E845-49F3-91FA-C112C3243EEE}.Release|Any CPU.ActiveCfg = Release|Any CPU
		{0EF92191-E845-49F3-91FA-C112C3243EEE}.Release|Any CPU.Build.0 = Release|Any CPU
	EndGlobalSection
	GlobalSection(SolutionProperties) = preSolution
		HideSolutionNode = FALSE
	EndGlobalSection
	GlobalSection(ExtensibilityGlobals) = postSolution
		SolutionGuid = {6A7D9B0A-12A8-488B-BF36-E9A63435FDE0}
	EndGlobalSection
EndGlobal
